// !$*UTF8*$!
{
	archiveVersion = 1;
	classes = {
	};
	objectVersion = 46;
	objects = {

/* Begin PBXBuildFile section */
		3D634F6D1ECCE04B008B1894 /* GpxLocationManager.swift in Sources */ = {isa = PBXBuildFile; fileRef = 3D634F6A1ECCE04B008B1894 /* GpxLocationManager.swift */; };
		3D634F6E1ECCE04B008B1894 /* GpxParser.swift in Sources */ = {isa = PBXBuildFile; fileRef = 3D634F6B1ECCE04B008B1894 /* GpxParser.swift */; };
		3D634F6F1ECCE04B008B1894 /* LocationManager.swift in Sources */ = {isa = PBXBuildFile; fileRef = 3D634F6C1ECCE04B008B1894 /* LocationManager.swift */; };
		E11655AC1AEAFB5200633C16 /* RunModel.swift in Sources */ = {isa = PBXBuildFile; fileRef = E11655AB1AEAFB5200633C16 /* RunModel.swift */; };
		E138E8CE1BA0A0FB00BA20E5 /* iSmoothRun.gpx in Resources */ = {isa = PBXBuildFile; fileRef = E138E8CD1BA0A0FB00BA20E5 /* iSmoothRun.gpx */; };
		E13AE5921AAD12280074F933 /* MulticolorPolyline.swift in Sources */ = {isa = PBXBuildFile; fileRef = E13AE5911AAD12280074F933 /* MulticolorPolyline.swift */; };
		E13B39931ABA705E007F61ED /* DarkSky.swift in Sources */ = {isa = PBXBuildFile; fileRef = E13B39921ABA705E007F61ED /* DarkSky.swift */; };
		E13B48B51B911BDA001C997A /* UiConstants.swift in Sources */ = {isa = PBXBuildFile; fileRef = E13B48B41B911BDA001C997A /* UiConstants.swift */; };
		E13B48B71B921A9F001C997A /* UiHelpers.swift in Sources */ = {isa = PBXBuildFile; fileRef = E13B48B61B921A9F001C997A /* UiHelpers.swift */; };
		E159C2541AAB8304007C6EA1 /* RaceRunner.xcdatamodeld in Sources */ = {isa = PBXBuildFile; fileRef = E159C2521AAB8304007C6EA1 /* RaceRunner.xcdatamodeld */; };
		E16F35761B8EBC4100C88426 /* UIViewController+NoOp.swift in Sources */ = {isa = PBXBuildFile; fileRef = E16F35751B8EBC4100C88426 /* UIViewController+NoOp.swift */; };
		E1804DB61ABBA0D300625188 /* RunDetailsVC.swift in Sources */ = {isa = PBXBuildFile; fileRef = E1804DB51ABBA0D300625188 /* RunDetailsVC.swift */; };
		E185F8531AE1CB19008BF394 /* RunnerIcons.swift in Sources */ = {isa = PBXBuildFile; fileRef = E185F8521AE1CB19008BF394 /* RunnerIcons.swift */; };
		E1C22BCC1AF05DA1003A5712 /* MarqueeLabel.m in Sources */ = {isa = PBXBuildFile; fileRef = E1C22BCA1AF05DA1003A5712 /* MarqueeLabel.m */; };
		E1C2ED501AB63BE200A29728 /* LogCell.swift in Sources */ = {isa = PBXBuildFile; fileRef = E1C2ED4F1AB63BE200A29728 /* LogCell.swift */; };
		E1CBD2D71AC4D616006F0B85 /* SettingsManager.swift in Sources */ = {isa = PBXBuildFile; fileRef = E1CBD2D61AC4D616006F0B85 /* SettingsManager.swift */; };
		E1D38F491B9E6AFE00380643 /* Runmeter.gpx in Resources */ = {isa = PBXBuildFile; fileRef = E1D38F481B9E6AFE00380643 /* Runmeter.gpx */; };
		E1D521681ABA93CD00B46300 /* Location.swift in Sources */ = {isa = PBXBuildFile; fileRef = E1D521661ABA93CD00B46300 /* Location.swift */; };
		E1D521691ABA93CD00B46300 /* Run.swift in Sources */ = {isa = PBXBuildFile; fileRef = E1D521671ABA93CD00B46300 /* Run.swift */; };
		E1D5A01C1AC5170F008A3806 /* AVFoundation.framework in Frameworks */ = {isa = PBXBuildFile; fileRef = E1D5A01B1AC5170E008A3806 /* AVFoundation.framework */; };
		E1E027831B9A34FE00700DE1 /* Runkeeper.gpx in Resources */ = {isa = PBXBuildFile; fileRef = E1E027821B9A34FE00700DE1 /* Runkeeper.gpx */; };
		E1E8B9241AAB73F000D04E38 /* AppDelegate.swift in Sources */ = {isa = PBXBuildFile; fileRef = E1E8B9231AAB73F000D04E38 /* AppDelegate.swift */; };
		E1E8B9291AAB73F000D04E38 /* Main.storyboard in Resources */ = {isa = PBXBuildFile; fileRef = E1E8B9271AAB73F000D04E38 /* Main.storyboard */; };
		E1E8B92B1AAB73F000D04E38 /* Images.xcassets in Resources */ = {isa = PBXBuildFile; fileRef = E1E8B92A1AAB73F000D04E38 /* Images.xcassets */; };
		E1E8B92E1AAB73F000D04E38 /* LaunchScreen.xib in Resources */ = {isa = PBXBuildFile; fileRef = E1E8B92C1AAB73F000D04E38 /* LaunchScreen.xib */; };
		E1E8B94E1AAB742E00D04E38 /* MenuVC.swift in Sources */ = {isa = PBXBuildFile; fileRef = E1E8B9431AAB742E00D04E38 /* MenuVC.swift */; };
		E1E8B9501AAB742E00D04E38 /* CDManager.swift in Sources */ = {isa = PBXBuildFile; fileRef = E1E8B9451AAB742E00D04E38 /* CDManager.swift */; };
		E1E8B9511AAB742E00D04E38 /* PanSegue.swift in Sources */ = {isa = PBXBuildFile; fileRef = E1E8B9461AAB742E00D04E38 /* PanSegue.swift */; };
		E1E8B9521AAB742E00D04E38 /* ChildVC.swift in Sources */ = {isa = PBXBuildFile; fileRef = E1E8B9471AAB742E00D04E38 /* ChildVC.swift */; };
		E1E8B9531AAB742E00D04E38 /* HelpVC.swift in Sources */ = {isa = PBXBuildFile; fileRef = E1E8B9481AAB742E00D04E38 /* HelpVC.swift */; };
		E1E8B9541AAB742E00D04E38 /* LogVC.swift in Sources */ = {isa = PBXBuildFile; fileRef = E1E8B9491AAB742E00D04E38 /* LogVC.swift */; };
		E1E8B9551AAB742E00D04E38 /* RunVC.swift in Sources */ = {isa = PBXBuildFile; fileRef = E1E8B94A1AAB742E00D04E38 /* RunVC.swift */; };
		E1E8B9561AAB742E00D04E38 /* SettingsVC.swift in Sources */ = {isa = PBXBuildFile; fileRef = E1E8B94B1AAB742E00D04E38 /* SettingsVC.swift */; };
		E1E8B9571AAB742E00D04E38 /* SpectateVC.swift in Sources */ = {isa = PBXBuildFile; fileRef = E1E8B94C1AAB742E00D04E38 /* SpectateVC.swift */; };
		E1E8B9581AAB742E00D04E38 /* UnwindPanSegue.swift in Sources */ = {isa = PBXBuildFile; fileRef = E1E8B94D1AAB742E00D04E38 /* UnwindPanSegue.swift */; };
		E1FCB00E1AB8F43100B1D803 /* Stringifier.swift in Sources */ = {isa = PBXBuildFile; fileRef = E1FCB00D1AB8F43100B1D803 /* Stringifier.swift */; };
/* End PBXBuildFile section */

/* Begin PBXFileReference section */
		3D634F6A1ECCE04B008B1894 /* GpxLocationManager.swift */ = {isa = PBXFileReference; fileEncoding = 4; lastKnownFileType = sourcecode.swift; name = GpxLocationManager.swift; path = Source/GpxLocationManager.swift; sourceTree = SOURCE_ROOT; };
		3D634F6B1ECCE04B008B1894 /* GpxParser.swift */ = {isa = PBXFileReference; fileEncoding = 4; lastKnownFileType = sourcecode.swift; name = GpxParser.swift; path = Source/GpxParser.swift; sourceTree = SOURCE_ROOT; };
		3D634F6C1ECCE04B008B1894 /* LocationManager.swift */ = {isa = PBXFileReference; fileEncoding = 4; lastKnownFileType = sourcecode.swift; name = LocationManager.swift; path = Source/LocationManager.swift; sourceTree = SOURCE_ROOT; };
		6BAE29B09F03FADB483809E0 /* SuggestedColors.plist */ = {isa = PBXFileReference; fileEncoding = 4; lastKnownFileType = text.plist.strings; path = SuggestedColors.plist; sourceTree = "<group>"; };
		E11655AB1AEAFB5200633C16 /* RunModel.swift */ = {isa = PBXFileReference; fileEncoding = 4; lastKnownFileType = sourcecode.swift; path = RunModel.swift; sourceTree = "<group>"; };
		E138E8CD1BA0A0FB00BA20E5 /* iSmoothRun.gpx */ = {isa = PBXFileReference; fileEncoding = 4; lastKnownFileType = text.xml; path = iSmoothRun.gpx; sourceTree = "<group>"; };
		E13AE5911AAD12280074F933 /* MulticolorPolyline.swift */ = {isa = PBXFileReference; fileEncoding = 4; lastKnownFileType = sourcecode.swift; path = MulticolorPolyline.swift; sourceTree = "<group>"; };
		E13B39921ABA705E007F61ED /* DarkSky.swift */ = {isa = PBXFileReference; fileEncoding = 4; lastKnownFileType = sourcecode.swift; path = DarkSky.swift; sourceTree = "<group>"; };
		E13B48B41B911BDA001C997A /* UiConstants.swift */ = {isa = PBXFileReference; fileEncoding = 4; lastKnownFileType = sourcecode.swift; path = UiConstants.swift; sourceTree = "<group>"; };
		E13B48B61B921A9F001C997A /* UiHelpers.swift */ = {isa = PBXFileReference; fileEncoding = 4; lastKnownFileType = sourcecode.swift; path = UiHelpers.swift; sourceTree = "<group>"; };
		E159C2531AAB8304007C6EA1 /* RaceRunner.xcdatamodel */ = {isa = PBXFileReference; lastKnownFileType = wrapper.xcdatamodel; path = RaceRunner.xcdatamodel; sourceTree = "<group>"; };
		E16F35751B8EBC4100C88426 /* UIViewController+NoOp.swift */ = {isa = PBXFileReference; fileEncoding = 4; lastKnownFileType = sourcecode.swift; path = "UIViewController+NoOp.swift"; sourceTree = "<group>"; };
		E1804DB51ABBA0D300625188 /* RunDetailsVC.swift */ = {isa = PBXFileReference; fileEncoding = 4; lastKnownFileType = sourcecode.swift; path = RunDetailsVC.swift; sourceTree = "<group>"; };
		E185F8521AE1CB19008BF394 /* RunnerIcons.swift */ = {isa = PBXFileReference; fileEncoding = 4; lastKnownFileType = sourcecode.swift; path = RunnerIcons.swift; sourceTree = "<group>"; };
		E1C22BC71AF05D39003A5712 /* RaceRunner-Bridging-Header.h */ = {isa = PBXFileReference; lastKnownFileType = sourcecode.c.h; path = "RaceRunner-Bridging-Header.h"; sourceTree = "<group>"; };
		E1C22BCA1AF05DA1003A5712 /* MarqueeLabel.m */ = {isa = PBXFileReference; fileEncoding = 4; lastKnownFileType = sourcecode.c.objc; path = MarqueeLabel.m; sourceTree = "<group>"; };
		E1C22BCB1AF05DA1003A5712 /* MarqueeLabel.h */ = {isa = PBXFileReference; fileEncoding = 4; lastKnownFileType = sourcecode.c.h; path = MarqueeLabel.h; sourceTree = "<group>"; };
		E1C2ED4F1AB63BE200A29728 /* LogCell.swift */ = {isa = PBXFileReference; fileEncoding = 4; lastKnownFileType = sourcecode.swift; path = LogCell.swift; sourceTree = "<group>"; };
		E1CBD2D61AC4D616006F0B85 /* SettingsManager.swift */ = {isa = PBXFileReference; fileEncoding = 4; lastKnownFileType = sourcecode.swift; path = SettingsManager.swift; sourceTree = "<group>"; };
		E1D38F481B9E6AFE00380643 /* Runmeter.gpx */ = {isa = PBXFileReference; fileEncoding = 4; lastKnownFileType = text.xml; path = Runmeter.gpx; sourceTree = "<group>"; };
		E1D521661ABA93CD00B46300 /* Location.swift */ = {isa = PBXFileReference; fileEncoding = 4; lastKnownFileType = sourcecode.swift; path = Location.swift; sourceTree = "<group>"; };
		E1D521671ABA93CD00B46300 /* Run.swift */ = {isa = PBXFileReference; fileEncoding = 4; lastKnownFileType = sourcecode.swift; path = Run.swift; sourceTree = "<group>"; };
		E1D5A01B1AC5170E008A3806 /* AVFoundation.framework */ = {isa = PBXFileReference; lastKnownFileType = wrapper.framework; name = AVFoundation.framework; path = System/Library/Frameworks/AVFoundation.framework; sourceTree = SDKROOT; };
		E1E027821B9A34FE00700DE1 /* Runkeeper.gpx */ = {isa = PBXFileReference; fileEncoding = 4; lastKnownFileType = text.xml; path = Runkeeper.gpx; sourceTree = "<group>"; };
		E1E8B91E1AAB73F000D04E38 /* RaceRunner.app */ = {isa = PBXFileReference; explicitFileType = wrapper.application; includeInIndex = 0; path = RaceRunner.app; sourceTree = BUILT_PRODUCTS_DIR; };
		E1E8B9221AAB73F000D04E38 /* Info.plist */ = {isa = PBXFileReference; lastKnownFileType = text.plist.xml; path = Info.plist; sourceTree = "<group>"; };
		E1E8B9231AAB73F000D04E38 /* AppDelegate.swift */ = {isa = PBXFileReference; lastKnownFileType = sourcecode.swift; path = AppDelegate.swift; sourceTree = "<group>"; };
		E1E8B9281AAB73F000D04E38 /* Base */ = {isa = PBXFileReference; lastKnownFileType = file.storyboard; name = Base; path = Base.lproj/Main.storyboard; sourceTree = "<group>"; };
		E1E8B92A1AAB73F000D04E38 /* Images.xcassets */ = {isa = PBXFileReference; lastKnownFileType = folder.assetcatalog; path = Images.xcassets; sourceTree = "<group>"; };
		E1E8B92D1AAB73F000D04E38 /* Base */ = {isa = PBXFileReference; lastKnownFileType = file.xib; name = Base; path = Base.lproj/LaunchScreen.xib; sourceTree = "<group>"; };
		E1E8B9431AAB742E00D04E38 /* MenuVC.swift */ = {isa = PBXFileReference; fileEncoding = 4; lastKnownFileType = sourcecode.swift; path = MenuVC.swift; sourceTree = "<group>"; };
		E1E8B9451AAB742E00D04E38 /* CDManager.swift */ = {isa = PBXFileReference; fileEncoding = 4; lastKnownFileType = sourcecode.swift; path = CDManager.swift; sourceTree = "<group>"; };
		E1E8B9461AAB742E00D04E38 /* PanSegue.swift */ = {isa = PBXFileReference; fileEncoding = 4; lastKnownFileType = sourcecode.swift; path = PanSegue.swift; sourceTree = "<group>"; };
		E1E8B9471AAB742E00D04E38 /* ChildVC.swift */ = {isa = PBXFileReference; fileEncoding = 4; lastKnownFileType = sourcecode.swift; path = ChildVC.swift; sourceTree = "<group>"; };
		E1E8B9481AAB742E00D04E38 /* HelpVC.swift */ = {isa = PBXFileReference; fileEncoding = 4; lastKnownFileType = sourcecode.swift; path = HelpVC.swift; sourceTree = "<group>"; };
		E1E8B9491AAB742E00D04E38 /* LogVC.swift */ = {isa = PBXFileReference; fileEncoding = 4; lastKnownFileType = sourcecode.swift; path = LogVC.swift; sourceTree = "<group>"; };
		E1E8B94A1AAB742E00D04E38 /* RunVC.swift */ = {isa = PBXFileReference; fileEncoding = 4; lastKnownFileType = sourcecode.swift; path = RunVC.swift; sourceTree = "<group>"; };
		E1E8B94B1AAB742E00D04E38 /* SettingsVC.swift */ = {isa = PBXFileReference; fileEncoding = 4; lastKnownFileType = sourcecode.swift; path = SettingsVC.swift; sourceTree = "<group>"; };
		E1E8B94C1AAB742E00D04E38 /* SpectateVC.swift */ = {isa = PBXFileReference; fileEncoding = 4; lastKnownFileType = sourcecode.swift; path = SpectateVC.swift; sourceTree = "<group>"; };
		E1E8B94D1AAB742E00D04E38 /* UnwindPanSegue.swift */ = {isa = PBXFileReference; fileEncoding = 4; lastKnownFileType = sourcecode.swift; path = UnwindPanSegue.swift; sourceTree = "<group>"; };
		E1FCB00D1AB8F43100B1D803 /* Stringifier.swift */ = {isa = PBXFileReference; fileEncoding = 4; lastKnownFileType = sourcecode.swift; path = Stringifier.swift; sourceTree = "<group>"; };
/* End PBXFileReference section */

/* Begin PBXFrameworksBuildPhase section */
		E1E8B91B1AAB73F000D04E38 /* Frameworks */ = {
			isa = PBXFrameworksBuildPhase;
			buildActionMask = 2147483647;
			files = (
				E1D5A01C1AC5170F008A3806 /* AVFoundation.framework in Frameworks */,
			);
			runOnlyForDeploymentPostprocessing = 0;
		};
/* End PBXFrameworksBuildPhase section */

/* Begin PBXGroup section */
		E159C2591AAB84A7007C6EA1 /* CoreData */ = {
			isa = PBXGroup;
			children = (
				E1D521661ABA93CD00B46300 /* Location.swift */,
				E1D521671ABA93CD00B46300 /* Run.swift */,
				E159C2521AAB8304007C6EA1 /* RaceRunner.xcdatamodeld */,
			);
			name = CoreData;
			sourceTree = "<group>";
		};
		E1E8B9151AAB73F000D04E38 = {
			isa = PBXGroup;
			children = (
				E1D5A01B1AC5170E008A3806 /* AVFoundation.framework */,
				E1E8B9201AAB73F000D04E38 /* RaceRunner */,
				E1E8B91F1AAB73F000D04E38 /* Products */,
			);
			sourceTree = "<group>";
		};
		E1E8B91F1AAB73F000D04E38 /* Products */ = {
			isa = PBXGroup;
			children = (
				E1E8B91E1AAB73F000D04E38 /* RaceRunner.app */,
			);
			name = Products;
			sourceTree = "<group>";
		};
		E1E8B9201AAB73F000D04E38 /* RaceRunner */ = {
			isa = PBXGroup;
			children = (
				3D634F6A1ECCE04B008B1894 /* GpxLocationManager.swift */,
				3D634F6B1ECCE04B008B1894 /* GpxParser.swift */,
				3D634F6C1ECCE04B008B1894 /* LocationManager.swift */,
				E1E8B9451AAB742E00D04E38 /* CDManager.swift */,
				E1E8B9471AAB742E00D04E38 /* ChildVC.swift */,
				E13B39921ABA705E007F61ED /* DarkSky.swift */,
				E1E8B9481AAB742E00D04E38 /* HelpVC.swift */,
				E1E8B9491AAB742E00D04E38 /* LogVC.swift */,
				E1C2ED4F1AB63BE200A29728 /* LogCell.swift */,
				E1E8B9271AAB73F000D04E38 /* Main.storyboard */,
				E1C22BCB1AF05DA1003A5712 /* MarqueeLabel.h */,
				E1C22BCA1AF05DA1003A5712 /* MarqueeLabel.m */,
				E13AE5911AAD12280074F933 /* MulticolorPolyline.swift */,
				E1E8B9431AAB742E00D04E38 /* MenuVC.swift */,
				E1E8B9461AAB742E00D04E38 /* PanSegue.swift */,
				E1804DB51ABBA0D300625188 /* RunDetailsVC.swift */,
				E11655AB1AEAFB5200633C16 /* RunModel.swift */,
				E1E8B94B1AAB742E00D04E38 /* SettingsVC.swift */,
				E185F8521AE1CB19008BF394 /* RunnerIcons.swift */,
				E1E8B94A1AAB742E00D04E38 /* RunVC.swift */,
				E1CBD2D61AC4D616006F0B85 /* SettingsManager.swift */,
				E1E8B94C1AAB742E00D04E38 /* SpectateVC.swift */,
				E1FCB00D1AB8F43100B1D803 /* Stringifier.swift */,
				E13B48B41B911BDA001C997A /* UiConstants.swift */,
				E13B48B61B921A9F001C997A /* UiHelpers.swift */,
				E16F35751B8EBC4100C88426 /* UIViewController+NoOp.swift */,
				E1E8B94D1AAB742E00D04E38 /* UnwindPanSegue.swift */,
				E1E8B9211AAB73F000D04E38 /* Supporting Files */,
				E1C22BC71AF05D39003A5712 /* RaceRunner-Bridging-Header.h */,
				6BAE29B09F03FADB483809E0 /* SuggestedColors.plist */,
			);
			path = RaceRunner;
			sourceTree = "<group>";
		};
		E1E8B9211AAB73F000D04E38 /* Supporting Files */ = {
			isa = PBXGroup;
			children = (
				E1E8B9231AAB73F000D04E38 /* AppDelegate.swift */,
				E1E8B92A1AAB73F000D04E38 /* Images.xcassets */,
				E1E8B9221AAB73F000D04E38 /* Info.plist */,
				E159C2591AAB84A7007C6EA1 /* CoreData */,
				E1E8B92C1AAB73F000D04E38 /* LaunchScreen.xib */,
				E138E8CD1BA0A0FB00BA20E5 /* iSmoothRun.gpx */,
				E1D38F481B9E6AFE00380643 /* Runmeter.gpx */,
				E1E027821B9A34FE00700DE1 /* Runkeeper.gpx */,
			);
			name = "Supporting Files";
			sourceTree = "<group>";
		};
/* End PBXGroup section */

/* Begin PBXNativeTarget section */
		E1E8B91D1AAB73F000D04E38 /* RaceRunner */ = {
			isa = PBXNativeTarget;
			buildConfigurationList = E1E8B93D1AAB73F000D04E38 /* Build configuration list for PBXNativeTarget "RaceRunner" */;
			buildPhases = (
				E1E8B91A1AAB73F000D04E38 /* Sources */,
				E1E8B91B1AAB73F000D04E38 /* Frameworks */,
				E1E8B91C1AAB73F000D04E38 /* Resources */,
			);
			buildRules = (
			);
			dependencies = (
			);
			name = RaceRunner;
			productName = RaceRunner;
			productReference = E1E8B91E1AAB73F000D04E38 /* RaceRunner.app */;
			productType = "com.apple.product-type.application";
		};
/* End PBXNativeTarget section */

/* Begin PBXProject section */
		E1E8B9161AAB73F000D04E38 /* Project object */ = {
			isa = PBXProject;
			attributes = {
				LastSwiftMigration = 0700;
				LastSwiftUpdateCheck = 0700;
				LastUpgradeCheck = 0820;
				ORGANIZATIONNAME = "Josh Adams";
				TargetAttributes = {
					E1E8B91D1AAB73F000D04E38 = {
						CreatedOnToolsVersion = 6.3;
						LastSwiftMigration = 0820;
					};
				};
			};
			buildConfigurationList = E1E8B9191AAB73F000D04E38 /* Build configuration list for PBXProject "RaceRunner" */;
			compatibilityVersion = "Xcode 3.2";
			developmentRegion = English;
			hasScannedForEncodings = 0;
			knownRegions = (
				en,
				Base,
			);
			mainGroup = E1E8B9151AAB73F000D04E38;
			productRefGroup = E1E8B91F1AAB73F000D04E38 /* Products */;
			projectDirPath = "";
			projectRoot = "";
			targets = (
				E1E8B91D1AAB73F000D04E38 /* RaceRunner */,
			);
		};
/* End PBXProject section */

/* Begin PBXResourcesBuildPhase section */
		E1E8B91C1AAB73F000D04E38 /* Resources */ = {
			isa = PBXResourcesBuildPhase;
			buildActionMask = 2147483647;
			files = (
				E1E8B9291AAB73F000D04E38 /* Main.storyboard in Resources */,
				E138E8CE1BA0A0FB00BA20E5 /* iSmoothRun.gpx in Resources */,
				E1E027831B9A34FE00700DE1 /* Runkeeper.gpx in Resources */,
				E1D38F491B9E6AFE00380643 /* Runmeter.gpx in Resources */,
				E1E8B92E1AAB73F000D04E38 /* LaunchScreen.xib in Resources */,
				E1E8B92B1AAB73F000D04E38 /* Images.xcassets in Resources */,
			);
			runOnlyForDeploymentPostprocessing = 0;
		};
/* End PBXResourcesBuildPhase section */

/* Begin PBXSourcesBuildPhase section */
		E1E8B91A1AAB73F000D04E38 /* Sources */ = {
			isa = PBXSourcesBuildPhase;
			buildActionMask = 2147483647;
			files = (
				E13B48B51B911BDA001C997A /* UiConstants.swift in Sources */,
				E1C22BCC1AF05DA1003A5712 /* MarqueeLabel.m in Sources */,
				E13B48B71B921A9F001C997A /* UiHelpers.swift in Sources */,
				E13B39931ABA705E007F61ED /* DarkSky.swift in Sources */,
				E1FCB00E1AB8F43100B1D803 /* Stringifier.swift in Sources */,
				E1D521681ABA93CD00B46300 /* Location.swift in Sources */,
				3D634F6F1ECCE04B008B1894 /* LocationManager.swift in Sources */,
				E185F8531AE1CB19008BF394 /* RunnerIcons.swift in Sources */,
				3D634F6D1ECCE04B008B1894 /* GpxLocationManager.swift in Sources */,
				E159C2541AAB8304007C6EA1 /* RaceRunner.xcdatamodeld in Sources */,
				E1C2ED501AB63BE200A29728 /* LogCell.swift in Sources */,
				E1E8B9561AAB742E00D04E38 /* SettingsVC.swift in Sources */,
				E11655AC1AEAFB5200633C16 /* RunModel.swift in Sources */,
				E1E8B9541AAB742E00D04E38 /* LogVC.swift in Sources */,
				E1E8B9531AAB742E00D04E38 /* HelpVC.swift in Sources */,
				E1E8B9511AAB742E00D04E38 /* PanSegue.swift in Sources */,
				E16F35761B8EBC4100C88426 /* UIViewController+NoOp.swift in Sources */,
				E1804DB61ABBA0D300625188 /* RunDetailsVC.swift in Sources */,
				E1E8B9551AAB742E00D04E38 /* RunVC.swift in Sources */,
				E1E8B9521AAB742E00D04E38 /* ChildVC.swift in Sources */,
				E13AE5921AAD12280074F933 /* MulticolorPolyline.swift in Sources */,
				E1E8B9501AAB742E00D04E38 /* CDManager.swift in Sources */,
				E1E8B9241AAB73F000D04E38 /* AppDelegate.swift in Sources */,
				3D634F6E1ECCE04B008B1894 /* GpxParser.swift in Sources */,
				E1E8B9581AAB742E00D04E38 /* UnwindPanSegue.swift in Sources */,
				E1E8B9571AAB742E00D04E38 /* SpectateVC.swift in Sources */,
				E1D521691ABA93CD00B46300 /* Run.swift in Sources */,
				E1CBD2D71AC4D616006F0B85 /* SettingsManager.swift in Sources */,
				E1E8B94E1AAB742E00D04E38 /* MenuVC.swift in Sources */,
			);
			runOnlyForDeploymentPostprocessing = 0;
		};
/* End PBXSourcesBuildPhase section */

/* Begin PBXVariantGroup section */
		E1E8B9271AAB73F000D04E38 /* Main.storyboard */ = {
			isa = PBXVariantGroup;
			children = (
				E1E8B9281AAB73F000D04E38 /* Base */,
			);
			name = Main.storyboard;
			sourceTree = "<group>";
		};
		E1E8B92C1AAB73F000D04E38 /* LaunchScreen.xib */ = {
			isa = PBXVariantGroup;
			children = (
				E1E8B92D1AAB73F000D04E38 /* Base */,
			);
			name = LaunchScreen.xib;
			sourceTree = "<group>";
		};
/* End PBXVariantGroup section */

/* Begin XCBuildConfiguration section */
		E1E8B93B1AAB73F000D04E38 /* Debug */ = {
			isa = XCBuildConfiguration;
			buildSettings = {
				ALWAYS_SEARCH_USER_PATHS = NO;
				CLANG_CXX_LANGUAGE_STANDARD = "gnu++0x";
				CLANG_CXX_LIBRARY = "libc++";
				CLANG_ENABLE_MODULES = YES;
				CLANG_ENABLE_OBJC_ARC = YES;
				CLANG_WARN_BOOL_CONVERSION = YES;
				CLANG_WARN_CONSTANT_CONVERSION = YES;
				CLANG_WARN_DIRECT_OBJC_ISA_USAGE = YES_ERROR;
				CLANG_WARN_EMPTY_BODY = YES;
				CLANG_WARN_ENUM_CONVERSION = YES;
				CLANG_WARN_INFINITE_RECURSION = YES;
				CLANG_WARN_INT_CONVERSION = YES;
				CLANG_WARN_OBJC_ROOT_CLASS = YES_ERROR;
				CLANG_WARN_SUSPICIOUS_MOVE = YES;
				CLANG_WARN_UNREACHABLE_CODE = YES;
				CLANG_WARN__DUPLICATE_METHOD_MATCH = YES;
				"CODE_SIGN_IDENTITY[sdk=iphoneos*]" = "iPhone Developer";
				COPY_PHASE_STRIP = NO;
				DEBUG_INFORMATION_FORMAT = dwarf;
				ENABLE_STRICT_OBJC_MSGSEND = YES;
				ENABLE_TESTABILITY = YES;
				GCC_C_LANGUAGE_STANDARD = gnu99;
				GCC_DYNAMIC_NO_PIC = NO;
				GCC_NO_COMMON_BLOCKS = YES;
				GCC_OPTIMIZATION_LEVEL = 0;
				GCC_PREPROCESSOR_DEFINITIONS = (
					"DEBUG=1",
					"$(inherited)",
				);
				GCC_SYMBOLS_PRIVATE_EXTERN = NO;
				GCC_WARN_64_TO_32_BIT_CONVERSION = YES;
				GCC_WARN_ABOUT_RETURN_TYPE = YES_ERROR;
				GCC_WARN_UNDECLARED_SELECTOR = YES;
				GCC_WARN_UNINITIALIZED_AUTOS = YES_AGGRESSIVE;
				GCC_WARN_UNUSED_FUNCTION = YES;
				GCC_WARN_UNUSED_VARIABLE = YES;
				IPHONEOS_DEPLOYMENT_TARGET = 8.1;
				MTL_ENABLE_DEBUG_INFO = YES;
				ONLY_ACTIVE_ARCH = YES;
				SDKROOT = iphoneos;
				SWIFT_OPTIMIZATION_LEVEL = "-Onone";
				SWIFT_VERSION = 3.0;
			};
			name = Debug;
		};
		E1E8B93C1AAB73F000D04E38 /* Release */ = {
			isa = XCBuildConfiguration;
			buildSettings = {
				ALWAYS_SEARCH_USER_PATHS = NO;
				CLANG_CXX_LANGUAGE_STANDARD = "gnu++0x";
				CLANG_CXX_LIBRARY = "libc++";
				CLANG_ENABLE_MODULES = YES;
				CLANG_ENABLE_OBJC_ARC = YES;
				CLANG_WARN_BOOL_CONVERSION = YES;
				CLANG_WARN_CONSTANT_CONVERSION = YES;
				CLANG_WARN_DIRECT_OBJC_ISA_USAGE = YES_ERROR;
				CLANG_WARN_EMPTY_BODY = YES;
				CLANG_WARN_ENUM_CONVERSION = YES;
				CLANG_WARN_INFINITE_RECURSION = YES;
				CLANG_WARN_INT_CONVERSION = YES;
				CLANG_WARN_OBJC_ROOT_CLASS = YES_ERROR;
				CLANG_WARN_SUSPICIOUS_MOVE = YES;
				CLANG_WARN_UNREACHABLE_CODE = YES;
				CLANG_WARN__DUPLICATE_METHOD_MATCH = YES;
				"CODE_SIGN_IDENTITY[sdk=iphoneos*]" = "iPhone Developer";
				COPY_PHASE_STRIP = NO;
				DEBUG_INFORMATION_FORMAT = "dwarf-with-dsym";
				ENABLE_NS_ASSERTIONS = NO;
				ENABLE_STRICT_OBJC_MSGSEND = YES;
				GCC_C_LANGUAGE_STANDARD = gnu99;
				GCC_NO_COMMON_BLOCKS = YES;
				GCC_WARN_64_TO_32_BIT_CONVERSION = YES;
				GCC_WARN_ABOUT_RETURN_TYPE = YES_ERROR;
				GCC_WARN_UNDECLARED_SELECTOR = YES;
				GCC_WARN_UNINITIALIZED_AUTOS = YES_AGGRESSIVE;
				GCC_WARN_UNUSED_FUNCTION = YES;
				GCC_WARN_UNUSED_VARIABLE = YES;
				IPHONEOS_DEPLOYMENT_TARGET = 8.1;
				MTL_ENABLE_DEBUG_INFO = NO;
				SDKROOT = iphoneos;
				SWIFT_OPTIMIZATION_LEVEL = "-Owholemodule";
				SWIFT_VERSION = 3.0;
				VALIDATE_PRODUCT = YES;
			};
			name = Release;
		};
		E1E8B93E1AAB73F000D04E38 /* Debug */ = {
			isa = XCBuildConfiguration;
			buildSettings = {
				ASSETCATALOG_COMPILER_APPICON_NAME = AppIcon;
				CLANG_ENABLE_MODULES = YES;
				INFOPLIST_FILE = RaceRunner/Info.plist;
				LD_RUNPATH_SEARCH_PATHS = "$(inherited) @executable_path/Frameworks";
				PRODUCT_BUNDLE_IDENTIFIER = "biz.joshadams.$(PRODUCT_NAME:rfc1034identifier)";
				PRODUCT_NAME = "$(TARGET_NAME)";
				SWIFT_OBJC_BRIDGING_HEADER = "RaceRunner/RaceRunner-Bridging-Header.h";
				SWIFT_OPTIMIZATION_LEVEL = "-Onone";
				SWIFT_VERSION = 3.0;
				TARGETED_DEVICE_FAMILY = "1,2";
			};
			name = Debug;
		};
		E1E8B93F1AAB73F000D04E38 /* Release */ = {
			isa = XCBuildConfiguration;
			buildSettings = {
				ASSETCATALOG_COMPILER_APPICON_NAME = AppIcon;
				CLANG_ENABLE_MODULES = YES;
				INFOPLIST_FILE = RaceRunner/Info.plist;
				LD_RUNPATH_SEARCH_PATHS = "$(inherited) @executable_path/Frameworks";
				PRODUCT_BUNDLE_IDENTIFIER = "biz.joshadams.$(PRODUCT_NAME:rfc1034identifier)";
				PRODUCT_NAME = "$(TARGET_NAME)";
				SWIFT_OBJC_BRIDGING_HEADER = "RaceRunner/RaceRunner-Bridging-Header.h";
				SWIFT_VERSION = 3.0;
				TARGETED_DEVICE_FAMILY = "1,2";
			};
			name = Release;
		};
/* End XCBuildConfiguration section */

/* Begin XCConfigurationList section */
		E1E8B9191AAB73F000D04E38 /* Build configuration list for PBXProject "RaceRunner" */ = {
			isa = XCConfigurationList;
			buildConfigurations = (
				E1E8B93B1AAB73F000D04E38 /* Debug */,
				E1E8B93C1AAB73F000D04E38 /* Release */,
			);
			defaultConfigurationIsVisible = 0;
			defaultConfigurationName = Release;
		};
		E1E8B93D1AAB73F000D04E38 /* Build configuration list for PBXNativeTarget "RaceRunner" */ = {
			isa = XCConfigurationList;
			buildConfigurations = (
				E1E8B93E1AAB73F000D04E38 /* Debug */,
				E1E8B93F1AAB73F000D04E38 /* Release */,
			);
			defaultConfigurationIsVisible = 0;
			defaultConfigurationName = Release;
		};
/* End XCConfigurationList section */

/* Begin XCVersionGroup section */
		E159C2521AAB8304007C6EA1 /* RaceRunner.xcdatamodeld */ = {
			isa = XCVersionGroup;
			children = (
				E159C2531AAB8304007C6EA1 /* RaceRunner.xcdatamodel */,
			);
			currentVersion = E159C2531AAB8304007C6EA1 /* RaceRunner.xcdatamodel */;
			path = RaceRunner.xcdatamodeld;
			sourceTree = "<group>";
			versionGroupType = wrapper.xcdatamodel;
		};
/* End XCVersionGroup section */
	};
	rootObject = E1E8B9161AAB73F000D04E38 /* Project object */;
}
